
Microsoft Visual Studio Solution File, Format Version 12.00
# Visual Studio 14
VisualStudioVersion = 14.0.24720.0
MinimumVisualStudioVersion = 10.0.40219.1
Project("{FAE04EC0-301F-11D3-BF4B-00C04F79EFBC}") = "SecretHitler", "SecretHitler\SecretHitler.csproj", "{84433E0A-513F-4CF7-9066-7B2F784C5B19}"
EndProject
Project("{FAE04EC0-301F-11D3-BF4B-00C04F79EFBC}") = "SecretHitlerClient", "SecretHitlerClient\SecretHitlerClient.csproj", "{FC44737E-F6CF-43C0-B08D-02A3212934DC}"
EndProject
Global
	GlobalSection(SolutionConfigurationPlatforms) = preSolution
		Debug|Any CPU = Debug|Any CPU
		Release|Any CPU = Release|Any CPU
	EndGlobalSection
	GlobalSection(ProjectConfigurationPlatforms) = postSolution
		{84433E0A-513F-4CF7-9066-7B2F784C5B19}.Debug|Any CPU.ActiveCfg = Debug|Any CPU
		{84433E0A-513F-4CF7-9066-7B2F784C5B19}.Debug|Any CPU.Build.0 = Debug|Any CPU
		{84433E0A-513F-4CF7-9066-7B2F784C5B19}.Release|Any CPU.ActiveCfg = Release|Any CPU
		{84433E0A-513F-4CF7-9066-7B2F784C5B19}.Release|Any CPU.Build.0 = Release|Any CPU
		{FC44737E-F6CF-43C0-B08D-02A3212934DC}.Debug|Any CPU.ActiveCfg = Debug|Any CPU
		{FC44737E-F6CF-43C0-B08D-02A3212934DC}.Debug|Any CPU.Build.0 = Debug|Any CPU
		{FC44737E-F6CF-43C0-B08D-02A3212934DC}.Release|Any CPU.ActiveCfg = Release|Any CPU
		{FC44737E-F6CF-43C0-B08D-02A3212934DC}.Release|Any CPU.Build.0 = Release|Any CPU
	EndGlobalSection
	GlobalSection(SolutionProperties) = preSolution
		HideSolutionNode = FALSE
	EndGlobalSection
EndGlobal
